
Microsoft Visual Studio Solution File, Format Version 12.00
# Visual Studio 15
VisualStudioVersion = 15.0.27130.2027
MinimumVisualStudioVersion = 10.0.40219.1
Project("{2150E333-8FDC-42A3-9474-1A3956D46DE8}") = "rules", "rules", "{BBCBB763-8BC4-403E-8D8D-427E4396F8DE}"
EndProject
Project("{2150E333-8FDC-42A3-9474-1A3956D46DE8}") = "tests", "tests", "{A6391E1B-988A-48B7-8146-E899C391C3DF}"
EndProject
Project("{2150E333-8FDC-42A3-9474-1A3956D46DE8}") = "src", "src", "{9AA68A0D-6A54-4934-819B-E3A7238722D4}"
EndProject
Project("{9A19103F-16F7-4668-BE54-9A1E7A4F7556}") = "EdiWeave.Core", "src\EdiWeave.Core\EdiWeave.Core.csproj", "{235A10B1-BB49-4E27-B993-69179253076F}"
EndProject
Project("{9A19103F-16F7-4668-BE54-9A1E7A4F7556}") = "EdiWeave.Framework", "src\EdiWeave.Framework\EdiWeave.Framework.csproj", "{665E6ED9-B16A-4B08-8F31-58E2436727DC}"
EndProject
Project("{9A19103F-16F7-4668-BE54-9A1E7A4F7556}") = "EdiWeave.UnitTests", "tests\UnitTests\EdiWeave.UnitTests.csproj", "{F66E2275-FAE0-4876-8F12-831A2A90C7A7}"
EndProject
Project("{9A19103F-16F7-4668-BE54-9A1E7A4F7556}") = "EdiWeave.UnitTests.Eancom", "tests\UnitTests.Eancom\EdiWeave.UnitTests.Eancom.csproj", "{085CA191-2F38-4633-84E1-92BDD6B9C142}"
EndProject
Project("{9A19103F-16F7-4668-BE54-9A1E7A4F7556}") = "EdiWeave.UnitTests.Edifact", "tests\UnitTests.Edifact\EdiWeave.UnitTests.Edifact.csproj", "{F6E80A66-ECA6-46CF-A338-374AB0622523}"
EndProject
Project("{9A19103F-16F7-4668-BE54-9A1E7A4F7556}") = "EdiWeave.UnitTests.Hipaa", "tests\UnitTests.Hipaa\EdiWeave.UnitTests.Hipaa.csproj", "{82E0A3B3-A0EB-45FF-99CC-1D7A5BCAEDF3}"
EndProject
Project("{9A19103F-16F7-4668-BE54-9A1E7A4F7556}") = "EdiWeave.UnitTests.Vda", "tests\UnitTests.Vda\EdiWeave.UnitTests.Vda.csproj", "{ED920450-3F20-4B67-924A-9E3FAE6D95E9}"
EndProject
Project("{9A19103F-16F7-4668-BE54-9A1E7A4F7556}") = "EdiWeave.UnitTests.X12", "tests\UnitTests.X12\EdiWeave.UnitTests.X12.csproj", "{1ED7BA28-72F8-42E4-B157-D7D9E8473416}"
EndProject
Project("{FAE04EC0-301F-11D3-BF4B-00C04F79EFBC}") = "Rules.EancomD01BEAN3", "rules\Rules.EancomD01BEAN3\Rules.EancomD01BEAN3.csproj", "{344F2698-7A31-4DDB-9053-9F8BA8A53131}"
EndProject
Project("{FAE04EC0-301F-11D3-BF4B-00C04F79EFBC}") = "Rules.EdifactD00A", "rules\Rules.EdifactD00A\Rules.EdifactD00A.csproj", "{17947E82-982A-4828-8E8B-E36CE8E86636}"
EndProject
Project("{FAE04EC0-301F-11D3-BF4B-00C04F79EFBC}") = "Rules.EdifactD00A.Eval", "rules\Rules.EdifactD00A.Eval\Rules.EdifactD00A.Eval.csproj", "{C92F88A9-74B2-417A-B2D1-55AEE80E009C}"
EndProject
Project("{FAE04EC0-301F-11D3-BF4B-00C04F79EFBC}") = "Rules.EdifactD00A.NoValidation", "rules\Rules.EdifactD00A.NoValidation\Rules.EdifactD00A.NoValidation.csproj", "{B23595A4-D9CE-420D-A1AC-BA2E7CE91E71}"
EndProject
Project("{FAE04EC0-301F-11D3-BF4B-00C04F79EFBC}") = "Rules.EdifactD00A.Rep", "rules\Rules.EdifactD00A.Rep\Rules.EdifactD00A.Rep.csproj", "{A1E921DC-B93B-41A7-81B4-4EA15193AE10}"
EndProject
Project("{FAE04EC0-301F-11D3-BF4B-00C04F79EFBC}") = "Rules.Hipaa004010", "rules\Rules.Hipaa004010\Rules.Hipaa004010.csproj", "{4F7C7B1C-8580-461A-B143-306460DEE135}"
EndProject
Project("{FAE04EC0-301F-11D3-BF4B-00C04F79EFBC}") = "Rules.Hipaa005010", "rules\Rules.Hipaa005010\Rules.Hipaa005010.csproj", "{466ADC2C-1B13-47D6-B31C-F4420489F604}"
EndProject
Project("{FAE04EC0-301F-11D3-BF4B-00C04F79EFBC}") = "Rules.Vda", "rules\Rules.Vda\Rules.Vda.csproj", "{8DB14447-6C22-4BBB-9126-73AC17FA38C2}"
EndProject
Project("{FAE04EC0-301F-11D3-BF4B-00C04F79EFBC}") = "Rules.X12002040", "rules\Rules.X12002040\Rules.X12002040.csproj", "{1763D12E-5C4D-4270-BBAF-24FB4C289B25}"
EndProject
Project("{FAE04EC0-301F-11D3-BF4B-00C04F79EFBC}") = "Rules.X12002040.Eval", "rules\Rules.X12002040.Eval\Rules.X12002040.Eval.csproj", "{395DFE7D-2676-47B5-BCC9-878EE6F8CF12}"
EndProject
Project("{FAE04EC0-301F-11D3-BF4B-00C04F79EFBC}") = "Rules.X12002040.NoValidation", "rules\Rules.X12002040.NoValidation\Rules.X12002040.NoValidation.csproj", "{1928FB85-D646-466A-8E6B-FF3C3A6CBCE5}"
EndProject
Project("{FAE04EC0-301F-11D3-BF4B-00C04F79EFBC}") = "Rules.X12002040.Rep", "rules\Rules.X12002040.Rep\Rules.X12002040.Rep.csproj", "{8CCC6EC4-A522-463F-BB5D-1C7C07A87460}"
EndProject
Global
	GlobalSection(SolutionConfigurationPlatforms) = preSolution
		Debug|Any CPU = Debug|Any CPU
		Release|Any CPU = Release|Any CPU
	EndGlobalSection
	GlobalSection(ProjectConfigurationPlatforms) = postSolution
		{235A10B1-BB49-4E27-B993-69179253076F}.Debug|Any CPU.ActiveCfg = Debug|Any CPU
		{235A10B1-BB49-4E27-B993-69179253076F}.Debug|Any CPU.Build.0 = Debug|Any CPU
		{235A10B1-BB49-4E27-B993-69179253076F}.Release|Any CPU.ActiveCfg = Release|Any CPU
		{235A10B1-BB49-4E27-B993-69179253076F}.Release|Any CPU.Build.0 = Release|Any CPU
		{665E6ED9-B16A-4B08-8F31-58E2436727DC}.Debug|Any CPU.ActiveCfg = Debug|Any CPU
		{665E6ED9-B16A-4B08-8F31-58E2436727DC}.Debug|Any CPU.Build.0 = Debug|Any CPU
		{665E6ED9-B16A-4B08-8F31-58E2436727DC}.Release|Any CPU.ActiveCfg = Release|Any CPU
		{665E6ED9-B16A-4B08-8F31-58E2436727DC}.Release|Any CPU.Build.0 = Release|Any CPU
		{F66E2275-FAE0-4876-8F12-831A2A90C7A7}.Debug|Any CPU.ActiveCfg = Debug|Any CPU
		{F66E2275-FAE0-4876-8F12-831A2A90C7A7}.Debug|Any CPU.Build.0 = Debug|Any CPU
		{F66E2275-FAE0-4876-8F12-831A2A90C7A7}.Release|Any CPU.ActiveCfg = Release|Any CPU
		{F66E2275-FAE0-4876-8F12-831A2A90C7A7}.Release|Any CPU.Build.0 = Release|Any CPU
		{085CA191-2F38-4633-84E1-92BDD6B9C142}.Debug|Any CPU.ActiveCfg = Debug|Any CPU
		{085CA191-2F38-4633-84E1-92BDD6B9C142}.Debug|Any CPU.Build.0 = Debug|Any CPU
		{085CA191-2F38-4633-84E1-92BDD6B9C142}.Release|Any CPU.ActiveCfg = Release|Any CPU
		{085CA191-2F38-4633-84E1-92BDD6B9C142}.Release|Any CPU.Build.0 = Release|Any CPU
		{F6E80A66-ECA6-46CF-A338-374AB0622523}.Debug|Any CPU.ActiveCfg = Debug|Any CPU
		{F6E80A66-ECA6-46CF-A338-374AB0622523}.Debug|Any CPU.Build.0 = Debug|Any CPU
		{F6E80A66-ECA6-46CF-A338-374AB0622523}.Release|Any CPU.ActiveCfg = Release|Any CPU
		{F6E80A66-ECA6-46CF-A338-374AB0622523}.Release|Any CPU.Build.0 = Release|Any CPU
		{82E0A3B3-A0EB-45FF-99CC-1D7A5BCAEDF3}.Debug|Any CPU.ActiveCfg = Debug|Any CPU
		{82E0A3B3-A0EB-45FF-99CC-1D7A5BCAEDF3}.Debug|Any CPU.Build.0 = Debug|Any CPU
		{82E0A3B3-A0EB-45FF-99CC-1D7A5BCAEDF3}.Release|Any CPU.ActiveCfg = Release|Any CPU
		{82E0A3B3-A0EB-45FF-99CC-1D7A5BCAEDF3}.Release|Any CPU.Build.0 = Release|Any CPU
		{ED920450-3F20-4B67-924A-9E3FAE6D95E9}.Debug|Any CPU.ActiveCfg = Debug|Any CPU
		{ED920450-3F20-4B67-924A-9E3FAE6D95E9}.Debug|Any CPU.Build.0 = Debug|Any CPU
		{ED920450-3F20-4B67-924A-9E3FAE6D95E9}.Release|Any CPU.ActiveCfg = Release|Any CPU
		{ED920450-3F20-4B67-924A-9E3FAE6D95E9}.Release|Any CPU.Build.0 = Release|Any CPU
		{1ED7BA28-72F8-42E4-B157-D7D9E8473416}.Debug|Any CPU.ActiveCfg = Debug|Any CPU
		{1ED7BA28-72F8-42E4-B157-D7D9E8473416}.Debug|Any CPU.Build.0 = Debug|Any CPU
		{1ED7BA28-72F8-42E4-B157-D7D9E8473416}.Release|Any CPU.ActiveCfg = Release|Any CPU
		{1ED7BA28-72F8-42E4-B157-D7D9E8473416}.Release|Any CPU.Build.0 = Release|Any CPU
		{344F2698-7A31-4DDB-9053-9F8BA8A53131}.Debug|Any CPU.ActiveCfg = Debug|Any CPU
		{344F2698-7A31-4DDB-9053-9F8BA8A53131}.Debug|Any CPU.Build.0 = Debug|Any CPU
		{344F2698-7A31-4DDB-9053-9F8BA8A53131}.Release|Any CPU.ActiveCfg = Release|Any CPU
		{344F2698-7A31-4DDB-9053-9F8BA8A53131}.Release|Any CPU.Build.0 = Release|Any CPU
		{17947E82-982A-4828-8E8B-E36CE8E86636}.Debug|Any CPU.ActiveCfg = Debug|Any CPU
		{17947E82-982A-4828-8E8B-E36CE8E86636}.Debug|Any CPU.Build.0 = Debug|Any CPU
		{17947E82-982A-4828-8E8B-E36CE8E86636}.Release|Any CPU.ActiveCfg = Release|Any CPU
		{17947E82-982A-4828-8E8B-E36CE8E86636}.Release|Any CPU.Build.0 = Release|Any CPU
		{C92F88A9-74B2-417A-B2D1-55AEE80E009C}.Debug|Any CPU.ActiveCfg = Debug|Any CPU
		{C92F88A9-74B2-417A-B2D1-55AEE80E009C}.Debug|Any CPU.Build.0 = Debug|Any CPU
		{C92F88A9-74B2-417A-B2D1-55AEE80E009C}.Release|Any CPU.ActiveCfg = Release|Any CPU
		{C92F88A9-74B2-417A-B2D1-55AEE80E009C}.Release|Any CPU.Build.0 = Release|Any CPU
		{B23595A4-D9CE-420D-A1AC-BA2E7CE91E71}.Debug|Any CPU.ActiveCfg = Debug|Any CPU
		{B23595A4-D9CE-420D-A1AC-BA2E7CE91E71}.Debug|Any CPU.Build.0 = Debug|Any CPU
		{B23595A4-D9CE-420D-A1AC-BA2E7CE91E71}.Release|Any CPU.ActiveCfg = Release|Any CPU
		{B23595A4-D9CE-420D-A1AC-BA2E7CE91E71}.Release|Any CPU.Build.0 = Release|Any CPU
		{A1E921DC-B93B-41A7-81B4-4EA15193AE10}.Debug|Any CPU.ActiveCfg = Debug|Any CPU
		{A1E921DC-B93B-41A7-81B4-4EA15193AE10}.Debug|Any CPU.Build.0 = Debug|Any CPU
		{A1E921DC-B93B-41A7-81B4-4EA15193AE10}.Release|Any CPU.ActiveCfg = Release|Any CPU
		{A1E921DC-B93B-41A7-81B4-4EA15193AE10}.Release|Any CPU.Build.0 = Release|Any CPU
		{4F7C7B1C-8580-461A-B143-306460DEE135}.Debug|Any CPU.ActiveCfg = Debug|Any CPU
		{4F7C7B1C-8580-461A-B143-306460DEE135}.Debug|Any CPU.Build.0 = Debug|Any CPU
		{4F7C7B1C-8580-461A-B143-306460DEE135}.Release|Any CPU.ActiveCfg = Release|Any CPU
		{4F7C7B1C-8580-461A-B143-306460DEE135}.Release|Any CPU.Build.0 = Release|Any CPU
		{466ADC2C-1B13-47D6-B31C-F4420489F604}.Debug|Any CPU.ActiveCfg = Debug|Any CPU
		{466ADC2C-1B13-47D6-B31C-F4420489F604}.Debug|Any CPU.Build.0 = Debug|Any CPU
		{466ADC2C-1B13-47D6-B31C-F4420489F604}.Release|Any CPU.ActiveCfg = Release|Any CPU
		{466ADC2C-1B13-47D6-B31C-F4420489F604}.Release|Any CPU.Build.0 = Release|Any CPU
		{8DB14447-6C22-4BBB-9126-73AC17FA38C2}.Debug|Any CPU.ActiveCfg = Debug|Any CPU
		{8DB14447-6C22-4BBB-9126-73AC17FA38C2}.Debug|Any CPU.Build.0 = Debug|Any CPU
		{8DB14447-6C22-4BBB-9126-73AC17FA38C2}.Release|Any CPU.ActiveCfg = Release|Any CPU
		{8DB14447-6C22-4BBB-9126-73AC17FA38C2}.Release|Any CPU.Build.0 = Release|Any CPU
		{1763D12E-5C4D-4270-BBAF-24FB4C289B25}.Debug|Any CPU.ActiveCfg = Debug|Any CPU
		{1763D12E-5C4D-4270-BBAF-24FB4C289B25}.Debug|Any CPU.Build.0 = Debug|Any CPU
		{1763D12E-5C4D-4270-BBAF-24FB4C289B25}.Release|Any CPU.ActiveCfg = Release|Any CPU
		{1763D12E-5C4D-4270-BBAF-24FB4C289B25}.Release|Any CPU.Build.0 = Release|Any CPU
		{395DFE7D-2676-47B5-BCC9-878EE6F8CF12}.Debug|Any CPU.ActiveCfg = Debug|Any CPU
		{395DFE7D-2676-47B5-BCC9-878EE6F8CF12}.Debug|Any CPU.Build.0 = Debug|Any CPU
		{395DFE7D-2676-47B5-BCC9-878EE6F8CF12}.Release|Any CPU.ActiveCfg = Release|Any CPU
		{395DFE7D-2676-47B5-BCC9-878EE6F8CF12}.Release|Any CPU.Build.0 = Release|Any CPU
		{1928FB85-D646-466A-8E6B-FF3C3A6CBCE5}.Debug|Any CPU.ActiveCfg = Debug|Any CPU
		{1928FB85-D646-466A-8E6B-FF3C3A6CBCE5}.Debug|Any CPU.Build.0 = Debug|Any CPU
		{1928FB85-D646-466A-8E6B-FF3C3A6CBCE5}.Release|Any CPU.ActiveCfg = Release|Any CPU
		{1928FB85-D646-466A-8E6B-FF3C3A6CBCE5}.Release|Any CPU.Build.0 = Release|Any CPU
		{8CCC6EC4-A522-463F-BB5D-1C7C07A87460}.Debug|Any CPU.ActiveCfg = Debug|Any CPU
		{8CCC6EC4-A522-463F-BB5D-1C7C07A87460}.Debug|Any CPU.Build.0 = Debug|Any CPU
		{8CCC6EC4-A522-463F-BB5D-1C7C07A87460}.Release|Any CPU.ActiveCfg = Release|Any CPU
		{8CCC6EC4-A522-463F-BB5D-1C7C07A87460}.Release|Any CPU.Build.0 = Release|Any CPU
	EndGlobalSection
	GlobalSection(SolutionProperties) = preSolution
		HideSolutionNode = FALSE
	EndGlobalSection
	GlobalSection(NestedProjects) = preSolution
		{235A10B1-BB49-4E27-B993-69179253076F} = {9AA68A0D-6A54-4934-819B-E3A7238722D4}
		{665E6ED9-B16A-4B08-8F31-58E2436727DC} = {9AA68A0D-6A54-4934-819B-E3A7238722D4}
		{F66E2275-FAE0-4876-8F12-831A2A90C7A7} = {A6391E1B-988A-48B7-8146-E899C391C3DF}
		{085CA191-2F38-4633-84E1-92BDD6B9C142} = {A6391E1B-988A-48B7-8146-E899C391C3DF}
		{F6E80A66-ECA6-46CF-A338-374AB0622523} = {A6391E1B-988A-48B7-8146-E899C391C3DF}
		{82E0A3B3-A0EB-45FF-99CC-1D7A5BCAEDF3} = {A6391E1B-988A-48B7-8146-E899C391C3DF}
		{ED920450-3F20-4B67-924A-9E3FAE6D95E9} = {A6391E1B-988A-48B7-8146-E899C391C3DF}
		{1ED7BA28-72F8-42E4-B157-D7D9E8473416} = {A6391E1B-988A-48B7-8146-E899C391C3DF}
		{344F2698-7A31-4DDB-9053-9F8BA8A53131} = {BBCBB763-8BC4-403E-8D8D-427E4396F8DE}
		{17947E82-982A-4828-8E8B-E36CE8E86636} = {BBCBB763-8BC4-403E-8D8D-427E4396F8DE}
		{C92F88A9-74B2-417A-B2D1-55AEE80E009C} = {BBCBB763-8BC4-403E-8D8D-427E4396F8DE}
		{B23595A4-D9CE-420D-A1AC-BA2E7CE91E71} = {BBCBB763-8BC4-403E-8D8D-427E4396F8DE}
		{A1E921DC-B93B-41A7-81B4-4EA15193AE10} = {BBCBB763-8BC4-403E-8D8D-427E4396F8DE}
		{4F7C7B1C-8580-461A-B143-306460DEE135} = {BBCBB763-8BC4-403E-8D8D-427E4396F8DE}
		{466ADC2C-1B13-47D6-B31C-F4420489F604} = {BBCBB763-8BC4-403E-8D8D-427E4396F8DE}
		{8DB14447-6C22-4BBB-9126-73AC17FA38C2} = {BBCBB763-8BC4-403E-8D8D-427E4396F8DE}
		{1763D12E-5C4D-4270-BBAF-24FB4C289B25} = {BBCBB763-8BC4-403E-8D8D-427E4396F8DE}
		{395DFE7D-2676-47B5-BCC9-878EE6F8CF12} = {BBCBB763-8BC4-403E-8D8D-427E4396F8DE}
		{1928FB85-D646-466A-8E6B-FF3C3A6CBCE5} = {BBCBB763-8BC4-403E-8D8D-427E4396F8DE}
		{8CCC6EC4-A522-463F-BB5D-1C7C07A87460} = {BBCBB763-8BC4-403E-8D8D-427E4396F8DE}
	EndGlobalSection
	GlobalSection(ExtensibilityGlobals) = postSolution
		SolutionGuid = {52CEA451-9FAA-4E24-9733-D5ABE08540E6}
	EndGlobalSection
	GlobalSection(TestCaseManagementSettings) = postSolution
		CategoryFile = EdiFabric.vsmdi
	EndGlobalSection
EndGlobal
